// !$*UTF8*$!
{
	archiveVersion = 1;
	classes = {
	};
	objectVersion = 56;
	objects = {

/* Begin PBXBuildFile section */
		6B4513BE2A43327800323B2F /* OfferCellViewModel.swift in Sources */ = {isa = PBXBuildFile; fileRef = 6B4513BD2A43327800323B2F /* OfferCellViewModel.swift */; };
		6B8006D32A334A3E00425A9A /* AppDelegate.swift in Sources */ = {isa = PBXBuildFile; fileRef = 6B8006D22A334A3E00425A9A /* AppDelegate.swift */; };
		6B8006D52A334A3E00425A9A /* SceneDelegate.swift in Sources */ = {isa = PBXBuildFile; fileRef = 6B8006D42A334A3E00425A9A /* SceneDelegate.swift */; };
		6B8006DC2A334A4000425A9A /* Assets.xcassets in Resources */ = {isa = PBXBuildFile; fileRef = 6B8006DB2A334A4000425A9A /* Assets.xcassets */; };
		6B8006DF2A334A4000425A9A /* LaunchScreen.storyboard in Resources */ = {isa = PBXBuildFile; fileRef = 6B8006DD2A334A4000425A9A /* LaunchScreen.storyboard */; };
		6B8006E92A33688C00425A9A /* OffersService.swift in Sources */ = {isa = PBXBuildFile; fileRef = 6B8006E82A33688C00425A9A /* OffersService.swift */; };
		6B8006EC2A33699800425A9A /* Offers.json in Resources */ = {isa = PBXBuildFile; fileRef = 6B8006EB2A33699800425A9A /* Offers.json */; };
		6B8006EF2A336A6A00425A9A /* Bundle+ext.swift in Sources */ = {isa = PBXBuildFile; fileRef = 6B8006EE2A336A6A00425A9A /* Bundle+ext.swift */; };
		6B8006F22A3389C900425A9A /* Offer.swift in Sources */ = {isa = PBXBuildFile; fileRef = 6B8006F12A3389C900425A9A /* Offer.swift */; };
		6B8006F42A3393A700425A9A /* ApplicationState.swift in Sources */ = {isa = PBXBuildFile; fileRef = 6B8006F32A3393A700425A9A /* ApplicationState.swift */; };
		6B8006F62A3395A100425A9A /* ImageItem.swift in Sources */ = {isa = PBXBuildFile; fileRef = 6B8006F52A3395A100425A9A /* ImageItem.swift */; };
		6B8006FA2A33A44900425A9A /* OffersCollectionViewController.swift in Sources */ = {isa = PBXBuildFile; fileRef = 6B8006F92A33A44900425A9A /* OffersCollectionViewController.swift */; };
		6B8006FF2A33B11E00425A9A /* OffersController.swift in Sources */ = {isa = PBXBuildFile; fileRef = 6B8006FE2A33B11E00425A9A /* OffersController.swift */; };
		6B8007012A33B8C600425A9A /* OfferCell.swift in Sources */ = {isa = PBXBuildFile; fileRef = 6B8007002A33B8C600425A9A /* OfferCell.swift */; };
		6B8007032A33BCF000425A9A /* ImageService.swift in Sources */ = {isa = PBXBuildFile; fileRef = 6B8007022A33BCF000425A9A /* ImageService.swift */; };
		6B90E5692A34CA6C0039055D /* OfferDetailViewController.swift in Sources */ = {isa = PBXBuildFile; fileRef = 6B90E5682A34CA6C0039055D /* OfferDetailViewController.swift */; };
		6B90E5722A361D5D0039055D /* ImageNames.swift in Sources */ = {isa = PBXBuildFile; fileRef = 6B90E5712A361D5D0039055D /* ImageNames.swift */; };
		6B90E57A2A36603C0039055D /* ibottaTests.swift in Sources */ = {isa = PBXBuildFile; fileRef = 6B90E5792A36603C0039055D /* ibottaTests.swift */; };
		6B90E5812A3665360039055D /* NetworkTests.swift in Sources */ = {isa = PBXBuildFile; fileRef = 6B90E5802A3665360039055D /* NetworkTests.swift */; };
		6BF29ED62A424440002F76AE /* OffersCollectionViewModel.swift in Sources */ = {isa = PBXBuildFile; fileRef = 6BF29ED52A424440002F76AE /* OffersCollectionViewModel.swift */; };
		6BF29ED82A425476002F76AE /* OffersCollectionViewController+Ext.swift in Sources */ = {isa = PBXBuildFile; fileRef = 6BF29ED72A425476002F76AE /* OffersCollectionViewController+Ext.swift */; };
		C45F101F254C999992355127 /* Pods_ibotta.framework in Frameworks */ = {isa = PBXBuildFile; fileRef = 7B762C3222C98AB24EA3AC6E /* Pods_ibotta.framework */; };
/* End PBXBuildFile section */

/* Begin PBXContainerItemProxy section */
		6B90E57B2A36603C0039055D /* PBXContainerItemProxy */ = {
			isa = PBXContainerItemProxy;
			containerPortal = 6B8006C72A334A3E00425A9A /* Project object */;
			proxyType = 1;
			remoteGlobalIDString = 6B8006CE2A334A3E00425A9A;
			remoteInfo = ibotta;
		};
/* End PBXContainerItemProxy section */

/* Begin PBXFileReference section */
		16FD6646CFF113B5E739CB5D /* Pods-ibotta.debug.xcconfig */ = {isa = PBXFileReference; includeInIndex = 1; lastKnownFileType = text.xcconfig; name = "Pods-ibotta.debug.xcconfig"; path = "Target Support Files/Pods-ibotta/Pods-ibotta.debug.xcconfig"; sourceTree = "<group>"; };
		6B4513BD2A43327800323B2F /* OfferCellViewModel.swift */ = {isa = PBXFileReference; lastKnownFileType = sourcecode.swift; path = OfferCellViewModel.swift; sourceTree = "<group>"; };
		6B8006CF2A334A3E00425A9A /* ibotta.app */ = {isa = PBXFileReference; explicitFileType = wrapper.application; includeInIndex = 0; path = ibotta.app; sourceTree = BUILT_PRODUCTS_DIR; };
		6B8006D22A334A3E00425A9A /* AppDelegate.swift */ = {isa = PBXFileReference; lastKnownFileType = sourcecode.swift; path = AppDelegate.swift; sourceTree = "<group>"; };
		6B8006D42A334A3E00425A9A /* SceneDelegate.swift */ = {isa = PBXFileReference; lastKnownFileType = sourcecode.swift; path = SceneDelegate.swift; sourceTree = "<group>"; };
		6B8006DB2A334A4000425A9A /* Assets.xcassets */ = {isa = PBXFileReference; lastKnownFileType = folder.assetcatalog; path = Assets.xcassets; sourceTree = "<group>"; };
		6B8006DE2A334A4000425A9A /* Base */ = {isa = PBXFileReference; lastKnownFileType = file.storyboard; name = Base; path = Base.lproj/LaunchScreen.storyboard; sourceTree = "<group>"; };
		6B8006E02A334A4000425A9A /* Info.plist */ = {isa = PBXFileReference; lastKnownFileType = text.plist.xml; path = Info.plist; sourceTree = "<group>"; };
		6B8006E82A33688C00425A9A /* OffersService.swift */ = {isa = PBXFileReference; lastKnownFileType = sourcecode.swift; path = OffersService.swift; sourceTree = "<group>"; };
		6B8006EB2A33699800425A9A /* Offers.json */ = {isa = PBXFileReference; fileEncoding = 4; lastKnownFileType = text.json; path = Offers.json; sourceTree = "<group>"; };
		6B8006EE2A336A6A00425A9A /* Bundle+ext.swift */ = {isa = PBXFileReference; lastKnownFileType = sourcecode.swift; path = "Bundle+ext.swift"; sourceTree = "<group>"; };
		6B8006F12A3389C900425A9A /* Offer.swift */ = {isa = PBXFileReference; lastKnownFileType = sourcecode.swift; path = Offer.swift; sourceTree = "<group>"; };
		6B8006F32A3393A700425A9A /* ApplicationState.swift */ = {isa = PBXFileReference; lastKnownFileType = sourcecode.swift; path = ApplicationState.swift; sourceTree = "<group>"; };
		6B8006F52A3395A100425A9A /* ImageItem.swift */ = {isa = PBXFileReference; lastKnownFileType = sourcecode.swift; path = ImageItem.swift; sourceTree = "<group>"; };
		6B8006F92A33A44900425A9A /* OffersCollectionViewController.swift */ = {isa = PBXFileReference; lastKnownFileType = sourcecode.swift; path = OffersCollectionViewController.swift; sourceTree = "<group>"; };
		6B8006FE2A33B11E00425A9A /* OffersController.swift */ = {isa = PBXFileReference; lastKnownFileType = sourcecode.swift; path = OffersController.swift; sourceTree = "<group>"; };
		6B8007002A33B8C600425A9A /* OfferCell.swift */ = {isa = PBXFileReference; lastKnownFileType = sourcecode.swift; path = OfferCell.swift; sourceTree = "<group>"; };
		6B8007022A33BCF000425A9A /* ImageService.swift */ = {isa = PBXFileReference; lastKnownFileType = sourcecode.swift; path = ImageService.swift; sourceTree = "<group>"; };
		6B90E5682A34CA6C0039055D /* OfferDetailViewController.swift */ = {isa = PBXFileReference; lastKnownFileType = sourcecode.swift; path = OfferDetailViewController.swift; sourceTree = "<group>"; };
		6B90E5712A361D5D0039055D /* ImageNames.swift */ = {isa = PBXFileReference; lastKnownFileType = sourcecode.swift; path = ImageNames.swift; sourceTree = "<group>"; };
		6B90E5772A36603C0039055D /* ibottaTests.xctest */ = {isa = PBXFileReference; explicitFileType = wrapper.cfbundle; includeInIndex = 0; path = ibottaTests.xctest; sourceTree = BUILT_PRODUCTS_DIR; };
		6B90E5792A36603C0039055D /* ibottaTests.swift */ = {isa = PBXFileReference; lastKnownFileType = sourcecode.swift; path = ibottaTests.swift; sourceTree = "<group>"; };
		6B90E5802A3665360039055D /* NetworkTests.swift */ = {isa = PBXFileReference; lastKnownFileType = sourcecode.swift; path = NetworkTests.swift; sourceTree = "<group>"; };
		6BF29ED52A424440002F76AE /* OffersCollectionViewModel.swift */ = {isa = PBXFileReference; lastKnownFileType = sourcecode.swift; path = OffersCollectionViewModel.swift; sourceTree = "<group>"; };
		6BF29ED72A425476002F76AE /* OffersCollectionViewController+Ext.swift */ = {isa = PBXFileReference; lastKnownFileType = sourcecode.swift; path = "OffersCollectionViewController+Ext.swift"; sourceTree = "<group>"; };
		7B762C3222C98AB24EA3AC6E /* Pods_ibotta.framework */ = {isa = PBXFileReference; explicitFileType = wrapper.framework; includeInIndex = 0; path = Pods_ibotta.framework; sourceTree = BUILT_PRODUCTS_DIR; };
		CC65F369FE1F81D01975930E /* Pods-ibotta.release.xcconfig */ = {isa = PBXFileReference; includeInIndex = 1; lastKnownFileType = text.xcconfig; name = "Pods-ibotta.release.xcconfig"; path = "Target Support Files/Pods-ibotta/Pods-ibotta.release.xcconfig"; sourceTree = "<group>"; };
/* End PBXFileReference section */

/* Begin PBXFrameworksBuildPhase section */
		6B8006CC2A334A3E00425A9A /* Frameworks */ = {
			isa = PBXFrameworksBuildPhase;
			buildActionMask = 2147483647;
			files = (
				C45F101F254C999992355127 /* Pods_ibotta.framework in Frameworks */,
			);
			runOnlyForDeploymentPostprocessing = 0;
		};
		6B90E5742A36603C0039055D /* Frameworks */ = {
			isa = PBXFrameworksBuildPhase;
			buildActionMask = 2147483647;
			files = (
			);
			runOnlyForDeploymentPostprocessing = 0;
		};
/* End PBXFrameworksBuildPhase section */

/* Begin PBXGroup section */
		6B8006C62A334A3E00425A9A = {
			isa = PBXGroup;
			children = (
				6B8006D12A334A3E00425A9A /* ibotta */,
				6B90E5782A36603C0039055D /* ibottaTests */,
				6B8006D02A334A3E00425A9A /* Products */,
				9C79AD40A45869684265DB5B /* Pods */,
				BA583B4550BC2AA3A5AB61D3 /* Frameworks */,
			);
			sourceTree = "<group>";
		};
		6B8006D02A334A3E00425A9A /* Products */ = {
			isa = PBXGroup;
			children = (
				6B8006CF2A334A3E00425A9A /* ibotta.app */,
				6B90E5772A36603C0039055D /* ibottaTests.xctest */,
			);
			name = Products;
			sourceTree = "<group>";
		};
		6B8006D12A334A3E00425A9A /* ibotta */ = {
			isa = PBXGroup;
			children = (
				6B8006D22A334A3E00425A9A /* AppDelegate.swift */,
				6B8006D42A334A3E00425A9A /* SceneDelegate.swift */,
				6B8006F32A3393A700425A9A /* ApplicationState.swift */,
				6B8006E62A33673300425A9A /* User Interface */,
				6B8006FD2A33B10A00425A9A /* Controllers */,
				6B8006E72A33684E00425A9A /* Network Services */,
				6B8006F02A3389AD00425A9A /* Models */,
				6B90E56A2A35FF670039055D /* Common */,
				6B8006ED2A336A2E00425A9A /* Extensions */,
				6B8006EA2A33698400425A9A /* Data */,
				6B8006DB2A334A4000425A9A /* Assets.xcassets */,
				6B8006DD2A334A4000425A9A /* LaunchScreen.storyboard */,
				6B8006E02A334A4000425A9A /* Info.plist */,
			);
			path = ibotta;
			sourceTree = "<group>";
		};
		6B8006E62A33673300425A9A /* User Interface */ = {
			isa = PBXGroup;
			children = (
				6B8006F72A33A41100425A9A /* Offers */,
				6B8007042A34C7CD00425A9A /* Offer Details */,
			);
			path = "User Interface";
			sourceTree = "<group>";
		};
		6B8006E72A33684E00425A9A /* Network Services */ = {
			isa = PBXGroup;
			children = (
				6B8006E82A33688C00425A9A /* OffersService.swift */,
				6B8007022A33BCF000425A9A /* ImageService.swift */,
			);
			path = "Network Services";
			sourceTree = "<group>";
		};
		6B8006EA2A33698400425A9A /* Data */ = {
			isa = PBXGroup;
			children = (
				6B8006EB2A33699800425A9A /* Offers.json */,
			);
			path = Data;
			sourceTree = "<group>";
		};
		6B8006ED2A336A2E00425A9A /* Extensions */ = {
			isa = PBXGroup;
			children = (
				6B8006EE2A336A6A00425A9A /* Bundle+ext.swift */,
			);
			path = Extensions;
			sourceTree = "<group>";
		};
		6B8006F02A3389AD00425A9A /* Models */ = {
			isa = PBXGroup;
			children = (
				6B8006F12A3389C900425A9A /* Offer.swift */,
				6B8006F52A3395A100425A9A /* ImageItem.swift */,
			);
			path = Models;
			sourceTree = "<group>";
		};
		6B8006F72A33A41100425A9A /* Offers */ = {
			isa = PBXGroup;
			children = (
				6BF29ED52A424440002F76AE /* OffersCollectionViewModel.swift */,
				6B8006F92A33A44900425A9A /* OffersCollectionViewController.swift */,
				6BF29ED72A425476002F76AE /* OffersCollectionViewController+Ext.swift */,
				6BF29ED92A425E91002F76AE /* Cells */,
			);
			path = Offers;
			sourceTree = "<group>";
		};
		6B8006FD2A33B10A00425A9A /* Controllers */ = {
			isa = PBXGroup;
			children = (
				6B8006FE2A33B11E00425A9A /* OffersController.swift */,
			);
			path = Controllers;
			sourceTree = "<group>";
		};
		6B8007042A34C7CD00425A9A /* Offer Details */ = {
			isa = PBXGroup;
			children = (
				6B90E5682A34CA6C0039055D /* OfferDetailViewController.swift */,
			);
			path = "Offer Details";
			sourceTree = "<group>";
		};
		6B90E56A2A35FF670039055D /* Common */ = {
			isa = PBXGroup;
			children = (
				6B90E5712A361D5D0039055D /* ImageNames.swift */,
			);
			path = Common;
			sourceTree = "<group>";
		};
		6B90E5782A36603C0039055D /* ibottaTests */ = {
			isa = PBXGroup;
			children = (
				6B90E5792A36603C0039055D /* ibottaTests.swift */,
				6B90E5802A3665360039055D /* NetworkTests.swift */,
			);
			path = ibottaTests;
			sourceTree = "<group>";
		};
		6BF29ED92A425E91002F76AE /* Cells */ = {
			isa = PBXGroup;
			children = (
				6B4513BD2A43327800323B2F /* OfferCellViewModel.swift */,
				6B8007002A33B8C600425A9A /* OfferCell.swift */,
			);
			path = Cells;
			sourceTree = "<group>";
		};
		9C79AD40A45869684265DB5B /* Pods */ = {
			isa = PBXGroup;
			children = (
				16FD6646CFF113B5E739CB5D /* Pods-ibotta.debug.xcconfig */,
				CC65F369FE1F81D01975930E /* Pods-ibotta.release.xcconfig */,
			);
			path = Pods;
			sourceTree = "<group>";
		};
		BA583B4550BC2AA3A5AB61D3 /* Frameworks */ = {
			isa = PBXGroup;
			children = (
				7B762C3222C98AB24EA3AC6E /* Pods_ibotta.framework */,
			);
			name = Frameworks;
			sourceTree = "<group>";
		};
/* End PBXGroup section */

/* Begin PBXNativeTarget section */
		6B8006CE2A334A3E00425A9A /* ibotta */ = {
			isa = PBXNativeTarget;
			buildConfigurationList = 6B8006E32A334A4000425A9A /* Build configuration list for PBXNativeTarget "ibotta" */;
			buildPhases = (
				94AFAC88FDDFF379F355F24E /* [CP] Check Pods Manifest.lock */,
				6B8006CB2A334A3E00425A9A /* Sources */,
				6B8006CC2A334A3E00425A9A /* Frameworks */,
				6B8006CD2A334A3E00425A9A /* Resources */,
				869932D23F94E09A97801969 /* [CP] Embed Pods Frameworks */,
			);
			buildRules = (
			);
			dependencies = (
			);
			name = ibotta;
			productName = ibotta;
			productReference = 6B8006CF2A334A3E00425A9A /* ibotta.app */;
			productType = "com.apple.product-type.application";
		};
		6B90E5762A36603C0039055D /* ibottaTests */ = {
			isa = PBXNativeTarget;
			buildConfigurationList = 6B90E57D2A36603C0039055D /* Build configuration list for PBXNativeTarget "ibottaTests" */;
			buildPhases = (
				6B90E5732A36603C0039055D /* Sources */,
				6B90E5742A36603C0039055D /* Frameworks */,
				6B90E5752A36603C0039055D /* Resources */,
			);
			buildRules = (
			);
			dependencies = (
				6B90E57C2A36603C0039055D /* PBXTargetDependency */,
			);
			name = ibottaTests;
			productName = ibottaTests;
			productReference = 6B90E5772A36603C0039055D /* ibottaTests.xctest */;
			productType = "com.apple.product-type.bundle.unit-test";
		};
/* End PBXNativeTarget section */

/* Begin PBXProject section */
		6B8006C72A334A3E00425A9A /* Project object */ = {
			isa = PBXProject;
			attributes = {
				BuildIndependentTargetsInParallel = 1;
				LastSwiftUpdateCheck = 1430;
				LastUpgradeCheck = 1430;
				TargetAttributes = {
					6B8006CE2A334A3E00425A9A = {
						CreatedOnToolsVersion = 14.3.1;
					};
					6B90E5762A36603C0039055D = {
						CreatedOnToolsVersion = 14.3.1;
						TestTargetID = 6B8006CE2A334A3E00425A9A;
					};
				};
			};
			buildConfigurationList = 6B8006CA2A334A3E00425A9A /* Build configuration list for PBXProject "ibotta" */;
			compatibilityVersion = "Xcode 14.0";
			developmentRegion = en;
			hasScannedForEncodings = 0;
			knownRegions = (
				en,
				Base,
			);
			mainGroup = 6B8006C62A334A3E00425A9A;
			productRefGroup = 6B8006D02A334A3E00425A9A /* Products */;
			projectDirPath = "";
			projectRoot = "";
			targets = (
				6B8006CE2A334A3E00425A9A /* ibotta */,
				6B90E5762A36603C0039055D /* ibottaTests */,
			);
		};
/* End PBXProject section */

/* Begin PBXResourcesBuildPhase section */
		6B8006CD2A334A3E00425A9A /* Resources */ = {
			isa = PBXResourcesBuildPhase;
			buildActionMask = 2147483647;
			files = (
				6B8006EC2A33699800425A9A /* Offers.json in Resources */,
				6B8006DF2A334A4000425A9A /* LaunchScreen.storyboard in Resources */,
				6B8006DC2A334A4000425A9A /* Assets.xcassets in Resources */,
			);
			runOnlyForDeploymentPostprocessing = 0;
		};
		6B90E5752A36603C0039055D /* Resources */ = {
			isa = PBXResourcesBuildPhase;
			buildActionMask = 2147483647;
			files = (
			);
			runOnlyForDeploymentPostprocessing = 0;
		};
/* End PBXResourcesBuildPhase section */

/* Begin PBXShellScriptBuildPhase section */
		869932D23F94E09A97801969 /* [CP] Embed Pods Frameworks */ = {
			isa = PBXShellScriptBuildPhase;
			buildActionMask = 2147483647;
			files = (
			);
			inputFileListPaths = (
				"${PODS_ROOT}/Target Support Files/Pods-ibotta/Pods-ibotta-frameworks-${CONFIGURATION}-input-files.xcfilelist",
			);
			name = "[CP] Embed Pods Frameworks";
			outputFileListPaths = (
				"${PODS_ROOT}/Target Support Files/Pods-ibotta/Pods-ibotta-frameworks-${CONFIGURATION}-output-files.xcfilelist",
			);
			runOnlyForDeploymentPostprocessing = 0;
			shellPath = /bin/sh;
			shellScript = "\"${PODS_ROOT}/Target Support Files/Pods-ibotta/Pods-ibotta-frameworks.sh\"\n";
			showEnvVarsInLog = 0;
		};
		94AFAC88FDDFF379F355F24E /* [CP] Check Pods Manifest.lock */ = {
			isa = PBXShellScriptBuildPhase;
			buildActionMask = 2147483647;
			files = (
			);
			inputFileListPaths = (
			);
			inputPaths = (
				"${PODS_PODFILE_DIR_PATH}/Podfile.lock",
				"${PODS_ROOT}/Manifest.lock",
			);
			name = "[CP] Check Pods Manifest.lock";
			outputFileListPaths = (
			);
			outputPaths = (
				"$(DERIVED_FILE_DIR)/Pods-ibotta-checkManifestLockResult.txt",
			);
			runOnlyForDeploymentPostprocessing = 0;
			shellPath = /bin/sh;
			shellScript = "diff \"${PODS_PODFILE_DIR_PATH}/Podfile.lock\" \"${PODS_ROOT}/Manifest.lock\" > /dev/null\nif [ $? != 0 ] ; then\n    # print error to STDERR\n    echo \"error: The sandbox is not in sync with the Podfile.lock. Run 'pod install' or update your CocoaPods installation.\" >&2\n    exit 1\nfi\n# This output is used by Xcode 'outputs' to avoid re-running this script phase.\necho \"SUCCESS\" > \"${SCRIPT_OUTPUT_FILE_0}\"\n";
			showEnvVarsInLog = 0;
		};
/* End PBXShellScriptBuildPhase section */

/* Begin PBXSourcesBuildPhase section */
		6B8006CB2A334A3E00425A9A /* Sources */ = {
			isa = PBXSourcesBuildPhase;
			buildActionMask = 2147483647;
			files = (
				6BF29ED62A424440002F76AE /* OffersCollectionViewModel.swift in Sources */,
				6B4513BE2A43327800323B2F /* OfferCellViewModel.swift in Sources */,
				6B8006FA2A33A44900425A9A /* OffersCollectionViewController.swift in Sources */,
				6B90E5692A34CA6C0039055D /* OfferDetailViewController.swift in Sources */,
				6B8006F22A3389C900425A9A /* Offer.swift in Sources */,
				6B8007012A33B8C600425A9A /* OfferCell.swift in Sources */,
				6B8006F42A3393A700425A9A /* ApplicationState.swift in Sources */,
				6B8006E92A33688C00425A9A /* OffersService.swift in Sources */,
				6B8006F62A3395A100425A9A /* ImageItem.swift in Sources */,
				6B8006FF2A33B11E00425A9A /* OffersController.swift in Sources */,
				6B8006D32A334A3E00425A9A /* AppDelegate.swift in Sources */,
				6B8007032A33BCF000425A9A /* ImageService.swift in Sources */,
				6B8006D52A334A3E00425A9A /* SceneDelegate.swift in Sources */,
				6B90E5722A361D5D0039055D /* ImageNames.swift in Sources */,
				6B8006EF2A336A6A00425A9A /* Bundle+ext.swift in Sources */,
				6BF29ED82A425476002F76AE /* OffersCollectionViewController+Ext.swift in Sources */,
			);
			runOnlyForDeploymentPostprocessing = 0;
		};
		6B90E5732A36603C0039055D /* Sources */ = {
			isa = PBXSourcesBuildPhase;
			buildActionMask = 2147483647;
			files = (
				6B90E5812A3665360039055D /* NetworkTests.swift in Sources */,
				6B90E57A2A36603C0039055D /* ibottaTests.swift in Sources */,
			);
			runOnlyForDeploymentPostprocessing = 0;
		};
/* End PBXSourcesBuildPhase section */

/* Begin PBXTargetDependency section */
		6B90E57C2A36603C0039055D /* PBXTargetDependency */ = {
			isa = PBXTargetDependency;
			target = 6B8006CE2A334A3E00425A9A /* ibotta */;
			targetProxy = 6B90E57B2A36603C0039055D /* PBXContainerItemProxy */;
		};
/* End PBXTargetDependency section */

/* Begin PBXVariantGroup section */
		6B8006DD2A334A4000425A9A /* LaunchScreen.storyboard */ = {
			isa = PBXVariantGroup;
			children = (
				6B8006DE2A334A4000425A9A /* Base */,
			);
			name = LaunchScreen.storyboard;
			sourceTree = "<group>";
		};
/* End PBXVariantGroup section */

/* Begin XCBuildConfiguration section */
		6B8006E12A334A4000425A9A /* Debug */ = {
			isa = XCBuildConfiguration;
			buildSettings = {
				ALWAYS_SEARCH_USER_PATHS = NO;
				CLANG_ANALYZER_NONNULL = YES;
				CLANG_ANALYZER_NUMBER_OBJECT_CONVERSION = YES_AGGRESSIVE;
				CLANG_CXX_LANGUAGE_STANDARD = "gnu++20";
				CLANG_ENABLE_MODULES = YES;
				CLANG_ENABLE_OBJC_ARC = YES;
				CLANG_ENABLE_OBJC_WEAK = YES;
				CLANG_WARN_BLOCK_CAPTURE_AUTORELEASING = YES;
				CLANG_WARN_BOOL_CONVERSION = YES;
				CLANG_WARN_COMMA = YES;
				CLANG_WARN_CONSTANT_CONVERSION = YES;
				CLANG_WARN_DEPRECATED_OBJC_IMPLEMENTATIONS = YES;
				CLANG_WARN_DIRECT_OBJC_ISA_USAGE = YES_ERROR;
				CLANG_WARN_DOCUMENTATION_COMMENTS = YES;
				CLANG_WARN_EMPTY_BODY = YES;
				CLANG_WARN_ENUM_CONVERSION = YES;
				CLANG_WARN_INFINITE_RECURSION = YES;
				CLANG_WARN_INT_CONVERSION = YES;
				CLANG_WARN_NON_LITERAL_NULL_CONVERSION = YES;
				CLANG_WARN_OBJC_IMPLICIT_RETAIN_SELF = YES;
				CLANG_WARN_OBJC_LITERAL_CONVERSION = YES;
				CLANG_WARN_OBJC_ROOT_CLASS = YES_ERROR;
				CLANG_WARN_QUOTED_INCLUDE_IN_FRAMEWORK_HEADER = YES;
				CLANG_WARN_RANGE_LOOP_ANALYSIS = YES;
				CLANG_WARN_STRICT_PROTOTYPES = YES;
				CLANG_WARN_SUSPICIOUS_MOVE = YES;
				CLANG_WARN_UNGUARDED_AVAILABILITY = YES_AGGRESSIVE;
				CLANG_WARN_UNREACHABLE_CODE = YES;
				CLANG_WARN__DUPLICATE_METHOD_MATCH = YES;
				COPY_PHASE_STRIP = NO;
				DEBUG_INFORMATION_FORMAT = dwarf;
				ENABLE_STRICT_OBJC_MSGSEND = YES;
				ENABLE_TESTABILITY = YES;
				GCC_C_LANGUAGE_STANDARD = gnu11;
				GCC_DYNAMIC_NO_PIC = NO;
				GCC_NO_COMMON_BLOCKS = YES;
				GCC_OPTIMIZATION_LEVEL = 0;
				GCC_PREPROCESSOR_DEFINITIONS = (
					"DEBUG=1",
					"$(inherited)",
				);
				GCC_WARN_64_TO_32_BIT_CONVERSION = YES;
				GCC_WARN_ABOUT_RETURN_TYPE = YES_ERROR;
				GCC_WARN_UNDECLARED_SELECTOR = YES;
				GCC_WARN_UNINITIALIZED_AUTOS = YES_AGGRESSIVE;
				GCC_WARN_UNUSED_FUNCTION = YES;
				GCC_WARN_UNUSED_VARIABLE = YES;
				IPHONEOS_DEPLOYMENT_TARGET = 16.4;
				MTL_ENABLE_DEBUG_INFO = INCLUDE_SOURCE;
				MTL_FAST_MATH = YES;
				ONLY_ACTIVE_ARCH = YES;
				SDKROOT = iphoneos;
				SWIFT_ACTIVE_COMPILATION_CONDITIONS = DEBUG;
				SWIFT_OPTIMIZATION_LEVEL = "-Onone";
			};
			name = Debug;
		};
		6B8006E22A334A4000425A9A /* Release */ = {
			isa = XCBuildConfiguration;
			buildSettings = {
				ALWAYS_SEARCH_USER_PATHS = NO;
				CLANG_ANALYZER_NONNULL = YES;
				CLANG_ANALYZER_NUMBER_OBJECT_CONVERSION = YES_AGGRESSIVE;
				CLANG_CXX_LANGUAGE_STANDARD = "gnu++20";
				CLANG_ENABLE_MODULES = YES;
				CLANG_ENABLE_OBJC_ARC = YES;
				CLANG_ENABLE_OBJC_WEAK = YES;
				CLANG_WARN_BLOCK_CAPTURE_AUTORELEASING = YES;
				CLANG_WARN_BOOL_CONVERSION = YES;
				CLANG_WARN_COMMA = YES;
				CLANG_WARN_CONSTANT_CONVERSION = YES;
				CLANG_WARN_DEPRECATED_OBJC_IMPLEMENTATIONS = YES;
				CLANG_WARN_DIRECT_OBJC_ISA_USAGE = YES_ERROR;
				CLANG_WARN_DOCUMENTATION_COMMENTS = YES;
				CLANG_WARN_EMPTY_BODY = YES;
				CLANG_WARN_ENUM_CONVERSION = YES;
				CLANG_WARN_INFINITE_RECURSION = YES;
				CLANG_WARN_INT_CONVERSION = YES;
				CLANG_WARN_NON_LITERAL_NULL_CONVERSION = YES;
				CLANG_WARN_OBJC_IMPLICIT_RETAIN_SELF = YES;
				CLANG_WARN_OBJC_LITERAL_CONVERSION = YES;
				CLANG_WARN_OBJC_ROOT_CLASS = YES_ERROR;
				CLANG_WARN_QUOTED_INCLUDE_IN_FRAMEWORK_HEADER = YES;
				CLANG_WARN_RANGE_LOOP_ANALYSIS = YES;
				CLANG_WARN_STRICT_PROTOTYPES = YES;
				CLANG_WARN_SUSPICIOUS_MOVE = YES;
				CLANG_WARN_UNGUARDED_AVAILABILITY = YES_AGGRESSIVE;
				CLANG_WARN_UNREACHABLE_CODE = YES;
				CLANG_WARN__DUPLICATE_METHOD_MATCH = YES;
				COPY_PHASE_STRIP = NO;
				DEBUG_INFORMATION_FORMAT = "dwarf-with-dsym";
				ENABLE_NS_ASSERTIONS = NO;
				ENABLE_STRICT_OBJC_MSGSEND = YES;
				GCC_C_LANGUAGE_STANDARD = gnu11;
				GCC_NO_COMMON_BLOCKS = YES;
				GCC_WARN_64_TO_32_BIT_CONVERSION = YES;
				GCC_WARN_ABOUT_RETURN_TYPE = YES_ERROR;
				GCC_WARN_UNDECLARED_SELECTOR = YES;
				GCC_WARN_UNINITIALIZED_AUTOS = YES_AGGRESSIVE;
				GCC_WARN_UNUSED_FUNCTION = YES;
				GCC_WARN_UNUSED_VARIABLE = YES;
				IPHONEOS_DEPLOYMENT_TARGET = 16.4;
				MTL_ENABLE_DEBUG_INFO = NO;
				MTL_FAST_MATH = YES;
				SDKROOT = iphoneos;
				SWIFT_COMPILATION_MODE = wholemodule;
				SWIFT_OPTIMIZATION_LEVEL = "-O";
				VALIDATE_PRODUCT = YES;
			};
			name = Release;
		};
		6B8006E42A334A4000425A9A /* Debug */ = {
			isa = XCBuildConfiguration;
			baseConfigurationReference = 16FD6646CFF113B5E739CB5D /* Pods-ibotta.debug.xcconfig */;
			buildSettings = {
				ASSETCATALOG_COMPILER_APPICON_NAME = AppIcon;
				ASSETCATALOG_COMPILER_GLOBAL_ACCENT_COLOR_NAME = AccentColor;
				CODE_SIGN_STYLE = Automatic;
				CURRENT_PROJECT_VERSION = 1;
				DEVELOPMENT_TEAM = AGZ28X386Y;
				GENERATE_INFOPLIST_FILE = YES;
				INFOPLIST_FILE = ibotta/Info.plist;
				INFOPLIST_KEY_UIApplicationSupportsIndirectInputEvents = YES;
				INFOPLIST_KEY_UILaunchStoryboardName = LaunchScreen;
				INFOPLIST_KEY_UIMainStoryboardFile = "";
				INFOPLIST_KEY_UISupportedInterfaceOrientations = UIInterfaceOrientationPortrait;
				INFOPLIST_KEY_UISupportedInterfaceOrientations_iPad = "UIInterfaceOrientationLandscapeLeft UIInterfaceOrientationLandscapeRight UIInterfaceOrientationPortrait UIInterfaceOrientationPortraitUpsideDown";
				IPHONEOS_DEPLOYMENT_TARGET = 16.3;
				LD_RUNPATH_SEARCH_PATHS = (
					"$(inherited)",
					"@executable_path/Frameworks",
				);
				MARKETING_VERSION = 1.0;
				PRODUCT_BUNDLE_IDENTIFIER = com.danielperson.ibotta;
				PRODUCT_NAME = "$(TARGET_NAME)";
				SUPPORTED_PLATFORMS = "iphoneos iphonesimulator";
				SUPPORTS_MACCATALYST = NO;
				SUPPORTS_MAC_DESIGNED_FOR_IPHONE_IPAD = NO;
				SWIFT_EMIT_LOC_STRINGS = YES;
				SWIFT_VERSION = 5.0;
				TARGETED_DEVICE_FAMILY = 1;
			};
			name = Debug;
		};
		6B8006E52A334A4000425A9A /* Release */ = {
			isa = XCBuildConfiguration;
			baseConfigurationReference = CC65F369FE1F81D01975930E /* Pods-ibotta.release.xcconfig */;
			buildSettings = {
				ASSETCATALOG_COMPILER_APPICON_NAME = AppIcon;
				ASSETCATALOG_COMPILER_GLOBAL_ACCENT_COLOR_NAME = AccentColor;
				CODE_SIGN_STYLE = Automatic;
				CURRENT_PROJECT_VERSION = 1;
				DEVELOPMENT_TEAM = AGZ28X386Y;
				GENERATE_INFOPLIST_FILE = YES;
				INFOPLIST_FILE = ibotta/Info.plist;
				INFOPLIST_KEY_UIApplicationSupportsIndirectInputEvents = YES;
				INFOPLIST_KEY_UILaunchStoryboardName = LaunchScreen;
				INFOPLIST_KEY_UIMainStoryboardFile = "";
				INFOPLIST_KEY_UISupportedInterfaceOrientations = UIInterfaceOrientationPortrait;
				INFOPLIST_KEY_UISupportedInterfaceOrientations_iPad = "UIInterfaceOrientationLandscapeLeft UIInterfaceOrientationLandscapeRight UIInterfaceOrientationPortrait UIInterfaceOrientationPortraitUpsideDown";
				IPHONEOS_DEPLOYMENT_TARGET = 16.3;
				LD_RUNPATH_SEARCH_PATHS = (
					"$(inherited)",
					"@executable_path/Frameworks",
				);
				MARKETING_VERSION = 1.0;
				PRODUCT_BUNDLE_IDENTIFIER = com.danielperson.ibotta;
				PRODUCT_NAME = "$(TARGET_NAME)";
				SUPPORTED_PLATFORMS = "iphoneos iphonesimulator";
				SUPPORTS_MACCATALYST = NO;
				SUPPORTS_MAC_DESIGNED_FOR_IPHONE_IPAD = NO;
				SWIFT_EMIT_LOC_STRINGS = YES;
				SWIFT_VERSION = 5.0;
				TARGETED_DEVICE_FAMILY = 1;
			};
			name = Release;
		};
		6B90E57E2A36603C0039055D /* Debug */ = {
			isa = XCBuildConfiguration;
			buildSettings = {
				BUNDLE_LOADER = "$(TEST_HOST)";
				CODE_SIGN_STYLE = Automatic;
				CURRENT_PROJECT_VERSION = 1;
				DEVELOPMENT_TEAM = AGZ28X386Y;
				GENERATE_INFOPLIST_FILE = YES;
				IPHONEOS_DEPLOYMENT_TARGET = 16.3;
				MARKETING_VERSION = 1.0;
				PRODUCT_BUNDLE_IDENTIFIER = com.danielperson.ibottaTests;
				PRODUCT_NAME = "$(TARGET_NAME)";
				SUPPORTED_PLATFORMS = "iphoneos iphonesimulator";
				SUPPORTS_MACCATALYST = NO;
				SUPPORTS_MAC_DESIGNED_FOR_IPHONE_IPAD = NO;
				SWIFT_EMIT_LOC_STRINGS = NO;
				SWIFT_VERSION = 5.0;
				TARGETED_DEVICE_FAMILY = 1;
				TEST_HOST = "$(BUILT_PRODUCTS_DIR)/ibotta.app/$(BUNDLE_EXECUTABLE_FOLDER_PATH)/ibotta";
			};
			name = Debug;
		};
		6B90E57F2A36603C0039055D /* Release */ = {
			isa = XCBuildConfiguration;
			buildSettings = {
				BUNDLE_LOADER = "$(TEST_HOST)";
				CODE_SIGN_STYLE = Automatic;
				CURRENT_PROJECT_VERSION = 1;
				DEVELOPMENT_TEAM = AGZ28X386Y;
				GENERATE_INFOPLIST_FILE = YES;
				IPHONEOS_DEPLOYMENT_TARGET = 16.3;
				MARKETING_VERSION = 1.0;
				PRODUCT_BUNDLE_IDENTIFIER = com.danielperson.ibottaTests;
				PRODUCT_NAME = "$(TARGET_NAME)";
				SUPPORTED_PLATFORMS = "iphoneos iphonesimulator";
				SUPPORTS_MACCATALYST = NO;
				SUPPORTS_MAC_DESIGNED_FOR_IPHONE_IPAD = NO;
				SWIFT_EMIT_LOC_STRINGS = NO;
				SWIFT_VERSION = 5.0;
				TARGETED_DEVICE_FAMILY = 1;
				TEST_HOST = "$(BUILT_PRODUCTS_DIR)/ibotta.app/$(BUNDLE_EXECUTABLE_FOLDER_PATH)/ibotta";
			};
			name = Release;
		};
/* End XCBuildConfiguration section */

/* Begin XCConfigurationList section */
		6B8006CA2A334A3E00425A9A /* Build configuration list for PBXProject "ibotta" */ = {
			isa = XCConfigurationList;
			buildConfigurations = (
				6B8006E12A334A4000425A9A /* Debug */,
				6B8006E22A334A4000425A9A /* Release */,
			);
			defaultConfigurationIsVisible = 0;
			defaultConfigurationName = Release;
		};
		6B8006E32A334A4000425A9A /* Build configuration list for PBXNativeTarget "ibotta" */ = {
			isa = XCConfigurationList;
			buildConfigurations = (
				6B8006E42A334A4000425A9A /* Debug */,
				6B8006E52A334A4000425A9A /* Release */,
			);
			defaultConfigurationIsVisible = 0;
			defaultConfigurationName = Release;
		};
		6B90E57D2A36603C0039055D /* Build configuration list for PBXNativeTarget "ibottaTests" */ = {
			isa = XCConfigurationList;
			buildConfigurations = (
				6B90E57E2A36603C0039055D /* Debug */,
				6B90E57F2A36603C0039055D /* Release */,
			);
			defaultConfigurationIsVisible = 0;
			defaultConfigurationName = Release;
		};
/* End XCConfigurationList section */
	};
	rootObject = 6B8006C72A334A3E00425A9A /* Project object */;
}
